// !$*UTF8*$!
{
	archiveVersion = 1;
	classes = {
	};
	objectVersion = 56;
	objects = {

/* Begin PBXBuildFile section */
		00103EF128F4BE8800C0A2EF /* UserMainPage.swift in Sources */ = {isa = PBXBuildFile; fileRef = 00103EF028F4BE8800C0A2EF /* UserMainPage.swift */; };
		003224F928F2001D00BA9ABD /* GoogleService-Info.plist in Resources */ = {isa = PBXBuildFile; fileRef = 003224F828F2001D00BA9ABD /* GoogleService-Info.plist */; };
		0078EC3A28FDE03E006D90A9 /* LaunchScreen.storyboard in Resources */ = {isa = PBXBuildFile; fileRef = 0078EC3928FDE03E006D90A9 /* LaunchScreen.storyboard */; };
		007FB63729009751005976EB /* SettingsPage.swift in Sources */ = {isa = PBXBuildFile; fileRef = 007FB63629009751005976EB /* SettingsPage.swift */; };
		0083A0CD28FDD329001DE5EA /* LaunchScreen.swift in Sources */ = {isa = PBXBuildFile; fileRef = 0083A0CC28FDD329001DE5EA /* LaunchScreen.swift */; };
		4218CA3028EB8C37001A535E /* AppDelegate.swift in Sources */ = {isa = PBXBuildFile; fileRef = 4218CA2F28EB8C37001A535E /* AppDelegate.swift */; };
		4218CA3228EB8C37001A535E /* SceneDelegate.swift in Sources */ = {isa = PBXBuildFile; fileRef = 4218CA3128EB8C37001A535E /* SceneDelegate.swift */; };
		4218CA3428EB8C37001A535E /* StartUpPage.swift in Sources */ = {isa = PBXBuildFile; fileRef = 4218CA3328EB8C37001A535E /* StartUpPage.swift */; };
		4218CA3728EB8C37001A535E /* Main.storyboard in Resources */ = {isa = PBXBuildFile; fileRef = 4218CA3528EB8C37001A535E /* Main.storyboard */; };
		4218CA3928EB8C38001A535E /* Assets.xcassets in Resources */ = {isa = PBXBuildFile; fileRef = 4218CA3828EB8C38001A535E /* Assets.xcassets */; };
		42322DF828EE079F0072050E /* RegisterPage.swift in Sources */ = {isa = PBXBuildFile; fileRef = 42322DF728EE079F0072050E /* RegisterPage.swift */; };
		42322DFC28EF8A1C0072050E /* LogInPage.swift in Sources */ = {isa = PBXBuildFile; fileRef = 42322DFB28EF8A1C0072050E /* LogInPage.swift */; };
/* End PBXBuildFile section */

/* Begin PBXFileReference section */
		00103EF028F4BE8800C0A2EF /* UserMainPage.swift */ = {isa = PBXFileReference; lastKnownFileType = sourcecode.swift; path = UserMainPage.swift; sourceTree = "<group>"; };
		003224F828F2001D00BA9ABD /* GoogleService-Info.plist */ = {isa = PBXFileReference; fileEncoding = 4; lastKnownFileType = text.plist.xml; path = "GoogleService-Info.plist"; sourceTree = "<group>"; };
		0078EC3928FDE03E006D90A9 /* LaunchScreen.storyboard */ = {isa = PBXFileReference; fileEncoding = 4; lastKnownFileType = file.storyboard; path = LaunchScreen.storyboard; sourceTree = "<group>"; };
		007FB63629009751005976EB /* SettingsPage.swift */ = {isa = PBXFileReference; lastKnownFileType = sourcecode.swift; path = SettingsPage.swift; sourceTree = "<group>"; };
		0083A0CC28FDD329001DE5EA /* LaunchScreen.swift */ = {isa = PBXFileReference; lastKnownFileType = sourcecode.swift; path = LaunchScreen.swift; sourceTree = "<group>"; };
		4218CA2C28EB8C37001A535E /* SprayPost.app */ = {isa = PBXFileReference; explicitFileType = wrapper.application; includeInIndex = 0; path = SprayPost.app; sourceTree = BUILT_PRODUCTS_DIR; };
		4218CA2F28EB8C37001A535E /* AppDelegate.swift */ = {isa = PBXFileReference; lastKnownFileType = sourcecode.swift; path = AppDelegate.swift; sourceTree = "<group>"; };
		4218CA3128EB8C37001A535E /* SceneDelegate.swift */ = {isa = PBXFileReference; lastKnownFileType = sourcecode.swift; path = SceneDelegate.swift; sourceTree = "<group>"; };
		4218CA3328EB8C37001A535E /* StartUpPage.swift */ = {isa = PBXFileReference; lastKnownFileType = sourcecode.swift; path = StartUpPage.swift; sourceTree = "<group>"; };
		4218CA3628EB8C37001A535E /* Base */ = {isa = PBXFileReference; lastKnownFileType = file.storyboard; name = Base; path = Base.lproj/Main.storyboard; sourceTree = "<group>"; };
		4218CA3828EB8C38001A535E /* Assets.xcassets */ = {isa = PBXFileReference; lastKnownFileType = folder.assetcatalog; path = Assets.xcassets; sourceTree = "<group>"; };
		4218CA3D28EB8C38001A535E /* Info.plist */ = {isa = PBXFileReference; lastKnownFileType = text.plist.xml; path = Info.plist; sourceTree = "<group>"; };
		42322DF728EE079F0072050E /* RegisterPage.swift */ = {isa = PBXFileReference; lastKnownFileType = sourcecode.swift; path = RegisterPage.swift; sourceTree = "<group>"; };
		42322DFB28EF8A1C0072050E /* LogInPage.swift */ = {isa = PBXFileReference; lastKnownFileType = sourcecode.swift; path = LogInPage.swift; sourceTree = "<group>"; };
		5EBF0E65279556E266F8EE75 /* Pods-SprayPost.release.xcconfig */ = {isa = PBXFileReference; includeInIndex = 1; lastKnownFileType = text.xcconfig; name = "Pods-SprayPost.release.xcconfig"; path = "Target Support Files/Pods-SprayPost/Pods-SprayPost.release.xcconfig"; sourceTree = "<group>"; };
		F08FA9FD7A2568E5BCAA6759 /* Pods-SprayPost.debug.xcconfig */ = {isa = PBXFileReference; includeInIndex = 1; lastKnownFileType = text.xcconfig; name = "Pods-SprayPost.debug.xcconfig"; path = "Target Support Files/Pods-SprayPost/Pods-SprayPost.debug.xcconfig"; sourceTree = "<group>"; };
/* End PBXFileReference section */

/* Begin PBXFrameworksBuildPhase section */
		4218CA2928EB8C37001A535E /* Frameworks */ = {
			isa = PBXFrameworksBuildPhase;
			buildActionMask = 2147483647;
			files = (
			);
			runOnlyForDeploymentPostprocessing = 0;
		};
/* End PBXFrameworksBuildPhase section */

/* Begin PBXGroup section */
		4218CA2328EB8C37001A535E = {
			isa = PBXGroup;
			children = (
				4218CA2E28EB8C37001A535E /* SprayPost */,
				4218CA2D28EB8C37001A535E /* Products */,
				EE9F0435227768C385D6656C /* Pods */,
			);
			sourceTree = "<group>";
		};
		4218CA2D28EB8C37001A535E /* Products */ = {
			isa = PBXGroup;
			children = (
				4218CA2C28EB8C37001A535E /* SprayPost.app */,
			);
			name = Products;
			sourceTree = "<group>";
		};
		4218CA2E28EB8C37001A535E /* SprayPost */ = {
			isa = PBXGroup;
			children = (
				42322DF628EE07840072050E /* Controller */,
				4218CA2F28EB8C37001A535E /* AppDelegate.swift */,
				4218CA3128EB8C37001A535E /* SceneDelegate.swift */,
				4218CA3528EB8C37001A535E /* Main.storyboard */,
				0078EC3928FDE03E006D90A9 /* LaunchScreen.storyboard */,
				4218CA3828EB8C38001A535E /* Assets.xcassets */,
				4218CA3D28EB8C38001A535E /* Info.plist */,
				003224F828F2001D00BA9ABD /* GoogleService-Info.plist */,
			);
			path = SprayPost;
			sourceTree = "<group>";
		};
		42322DF628EE07840072050E /* Controller */ = {
			isa = PBXGroup;
			children = (
				4218CA3328EB8C37001A535E /* StartUpPage.swift */,
				42322DF728EE079F0072050E /* RegisterPage.swift */,
				42322DFB28EF8A1C0072050E /* LogInPage.swift */,
				00103EF028F4BE8800C0A2EF /* UserMainPage.swift */,
				0083A0CC28FDD329001DE5EA /* LaunchScreen.swift */,
				007FB63629009751005976EB /* SettingsPage.swift */,
			);
			path = Controller;
			sourceTree = "<group>";
		};
		EE9F0435227768C385D6656C /* Pods */ = {
			isa = PBXGroup;
			children = (
				F08FA9FD7A2568E5BCAA6759 /* Pods-SprayPost.debug.xcconfig */,
				5EBF0E65279556E266F8EE75 /* Pods-SprayPost.release.xcconfig */,
			);
			path = Pods;
			sourceTree = "<group>";
		};
/* End PBXGroup section */

/* Begin PBXNativeTarget section */
		4218CA2B28EB8C37001A535E /* SprayPost */ = {
			isa = PBXNativeTarget;
			buildConfigurationList = 4218CA4028EB8C38001A535E /* Build configuration list for PBXNativeTarget "SprayPost" */;
			buildPhases = (
				1272DA7E060FFF92157A288C /* [CP] Check Pods Manifest.lock */,
				4218CA2828EB8C37001A535E /* Sources */,
				4218CA2928EB8C37001A535E /* Frameworks */,
				4218CA2A28EB8C37001A535E /* Resources */,
				DA03BE2F2DA66CB6F99462A9 /* [CP] Embed Pods Frameworks */,
			);
			buildRules = (
			);
			dependencies = (
			);
			name = SprayPost;
			productName = SprayPost;
			productReference = 4218CA2C28EB8C37001A535E /* SprayPost.app */;
			productType = "com.apple.product-type.application";
		};
/* End PBXNativeTarget section */

/* Begin PBXProject section */
		4218CA2428EB8C37001A535E /* Project object */ = {
			isa = PBXProject;
			attributes = {
				BuildIndependentTargetsInParallel = 1;
				LastSwiftUpdateCheck = 1400;
				LastUpgradeCheck = 1400;
				TargetAttributes = {
					4218CA2B28EB8C37001A535E = {
						CreatedOnToolsVersion = 14.0.1;
					};
				};
			};
			buildConfigurationList = 4218CA2728EB8C37001A535E /* Build configuration list for PBXProject "SprayPost" */;
			compatibilityVersion = "Xcode 14.0";
			developmentRegion = en;
			hasScannedForEncodings = 0;
			knownRegions = (
				en,
				Base,
			);
			mainGroup = 4218CA2328EB8C37001A535E;
			productRefGroup = 4218CA2D28EB8C37001A535E /* Products */;
			projectDirPath = "";
			projectRoot = "";
			targets = (
				4218CA2B28EB8C37001A535E /* SprayPost */,
			);
		};
/* End PBXProject section */

/* Begin PBXResourcesBuildPhase section */
		4218CA2A28EB8C37001A535E /* Resources */ = {
			isa = PBXResourcesBuildPhase;
			buildActionMask = 2147483647;
			files = (
				003224F928F2001D00BA9ABD /* GoogleService-Info.plist in Resources */,
				0078EC3A28FDE03E006D90A9 /* LaunchScreen.storyboard in Resources */,
				4218CA3928EB8C38001A535E /* Assets.xcassets in Resources */,
				4218CA3728EB8C37001A535E /* Main.storyboard in Resources */,
			);
			runOnlyForDeploymentPostprocessing = 0;
		};
/* End PBXResourcesBuildPhase section */

/* Begin PBXShellScriptBuildPhase section */
		1272DA7E060FFF92157A288C /* [CP] Check Pods Manifest.lock */ = {
			isa = PBXShellScriptBuildPhase;
			buildActionMask = 2147483647;
			files = (
			);
			inputFileListPaths = (
			);
			inputPaths = (
				"${PODS_PODFILE_DIR_PATH}/Podfile.lock",
				"${PODS_ROOT}/Manifest.lock",
			);
			name = "[CP] Check Pods Manifest.lock";
			outputFileListPaths = (
			);
			outputPaths = (
				"$(DERIVED_FILE_DIR)/Pods-SprayPost-checkManifestLockResult.txt",
			);
			runOnlyForDeploymentPostprocessing = 0;
			shellPath = /bin/sh;
			shellScript = "diff \"${PODS_PODFILE_DIR_PATH}/Podfile.lock\" \"${PODS_ROOT}/Manifest.lock\" > /dev/null\nif [ $? != 0 ] ; then\n    # print error to STDERR\n    echo \"error: The sandbox is not in sync with the Podfile.lock. Run 'pod install' or update your CocoaPods installation.\" >&2\n    exit 1\nfi\n# This output is used by Xcode 'outputs' to avoid re-running this script phase.\necho \"SUCCESS\" > \"${SCRIPT_OUTPUT_FILE_0}\"\n";
			showEnvVarsInLog = 0;
		};
		DA03BE2F2DA66CB6F99462A9 /* [CP] Embed Pods Frameworks */ = {
			isa = PBXShellScriptBuildPhase;
			buildActionMask = 2147483647;
			files = (
			);
			inputFileListPaths = (
				"${PODS_ROOT}/Target Support Files/Pods-SprayPost/Pods-SprayPost-frameworks-${CONFIGURATION}-input-files.xcfilelist",
			);
			name = "[CP] Embed Pods Frameworks";
			outputFileListPaths = (
				"${PODS_ROOT}/Target Support Files/Pods-SprayPost/Pods-SprayPost-frameworks-${CONFIGURATION}-output-files.xcfilelist",
			);
			runOnlyForDeploymentPostprocessing = 0;
			shellPath = /bin/sh;
			shellScript = "\"${PODS_ROOT}/Target Support Files/Pods-SprayPost/Pods-SprayPost-frameworks.sh\"\n";
			showEnvVarsInLog = 0;
		};
/* End PBXShellScriptBuildPhase section */

/* Begin PBXSourcesBuildPhase section */
		4218CA2828EB8C37001A535E /* Sources */ = {
			isa = PBXSourcesBuildPhase;
			buildActionMask = 2147483647;
			files = (
				42322DFC28EF8A1C0072050E /* LogInPage.swift in Sources */,
				42322DF828EE079F0072050E /* RegisterPage.swift in Sources */,
				4218CA3428EB8C37001A535E /* StartUpPage.swift in Sources */,
				007FB63729009751005976EB /* SettingsPage.swift in Sources */,
				4218CA3028EB8C37001A535E /* AppDelegate.swift in Sources */,
				00103EF128F4BE8800C0A2EF /* UserMainPage.swift in Sources */,
				4218CA3228EB8C37001A535E /* SceneDelegate.swift in Sources */,
				0083A0CD28FDD329001DE5EA /* LaunchScreen.swift in Sources */,
			);
			runOnlyForDeploymentPostprocessing = 0;
		};
/* End PBXSourcesBuildPhase section */

/* Begin PBXVariantGroup section */
		4218CA3528EB8C37001A535E /* Main.storyboard */ = {
			isa = PBXVariantGroup;
			children = (
				4218CA3628EB8C37001A535E /* Base */,
			);
			name = Main.storyboard;
			sourceTree = "<group>";
		};
/* End PBXVariantGroup section */

/* Begin XCBuildConfiguration section */
		4218CA3E28EB8C38001A535E /* Debug */ = {
			isa = XCBuildConfiguration;
			buildSettings = {
				ALWAYS_SEARCH_USER_PATHS = NO;
				CLANG_ANALYZER_NONNULL = YES;
				CLANG_ANALYZER_NUMBER_OBJECT_CONVERSION = YES_AGGRESSIVE;
				CLANG_CXX_LANGUAGE_STANDARD = "gnu++20";
				CLANG_ENABLE_MODULES = YES;
				CLANG_ENABLE_OBJC_ARC = YES;
				CLANG_ENABLE_OBJC_WEAK = YES;
				CLANG_WARN_BLOCK_CAPTURE_AUTORELEASING = YES;
				CLANG_WARN_BOOL_CONVERSION = YES;
				CLANG_WARN_COMMA = YES;
				CLANG_WARN_CONSTANT_CONVERSION = YES;
				CLANG_WARN_DEPRECATED_OBJC_IMPLEMENTATIONS = YES;
				CLANG_WARN_DIRECT_OBJC_ISA_USAGE = YES_ERROR;
				CLANG_WARN_DOCUMENTATION_COMMENTS = YES;
				CLANG_WARN_EMPTY_BODY = YES;
				CLANG_WARN_ENUM_CONVERSION = YES;
				CLANG_WARN_INFINITE_RECURSION = YES;
				CLANG_WARN_INT_CONVERSION = YES;
				CLANG_WARN_NON_LITERAL_NULL_CONVERSION = YES;
				CLANG_WARN_OBJC_IMPLICIT_RETAIN_SELF = YES;
				CLANG_WARN_OBJC_LITERAL_CONVERSION = YES;
				CLANG_WARN_OBJC_ROOT_CLASS = YES_ERROR;
				CLANG_WARN_QUOTED_INCLUDE_IN_FRAMEWORK_HEADER = YES;
				CLANG_WARN_RANGE_LOOP_ANALYSIS = YES;
				CLANG_WARN_STRICT_PROTOTYPES = YES;
				CLANG_WARN_SUSPICIOUS_MOVE = YES;
				CLANG_WARN_UNGUARDED_AVAILABILITY = YES_AGGRESSIVE;
				CLANG_WARN_UNREACHABLE_CODE = YES;
				CLANG_WARN__DUPLICATE_METHOD_MATCH = YES;
				COPY_PHASE_STRIP = NO;
				DEBUG_INFORMATION_FORMAT = dwarf;
				ENABLE_STRICT_OBJC_MSGSEND = YES;
				ENABLE_TESTABILITY = YES;
				GCC_C_LANGUAGE_STANDARD = gnu11;
				GCC_DYNAMIC_NO_PIC = NO;
				GCC_NO_COMMON_BLOCKS = YES;
				GCC_OPTIMIZATION_LEVEL = 0;
				GCC_PREPROCESSOR_DEFINITIONS = (
					"DEBUG=1",
					"$(inherited)",
				);
				GCC_WARN_64_TO_32_BIT_CONVERSION = YES;
				GCC_WARN_ABOUT_RETURN_TYPE = YES_ERROR;
				GCC_WARN_UNDECLARED_SELECTOR = YES;
				GCC_WARN_UNINITIALIZED_AUTOS = YES_AGGRESSIVE;
				GCC_WARN_UNUSED_FUNCTION = YES;
				GCC_WARN_UNUSED_VARIABLE = YES;
				IPHONEOS_DEPLOYMENT_TARGET = 16.0;
				MTL_ENABLE_DEBUG_INFO = INCLUDE_SOURCE;
				MTL_FAST_MATH = YES;
				ONLY_ACTIVE_ARCH = YES;
				SDKROOT = iphoneos;
				SWIFT_ACTIVE_COMPILATION_CONDITIONS = DEBUG;
				SWIFT_OPTIMIZATION_LEVEL = "-Onone";
			};
			name = Debug;
		};
		4218CA3F28EB8C38001A535E /* Release */ = {
			isa = XCBuildConfiguration;
			buildSettings = {
				ALWAYS_SEARCH_USER_PATHS = NO;
				CLANG_ANALYZER_NONNULL = YES;
				CLANG_ANALYZER_NUMBER_OBJECT_CONVERSION = YES_AGGRESSIVE;
				CLANG_CXX_LANGUAGE_STANDARD = "gnu++20";
				CLANG_ENABLE_MODULES = YES;
				CLANG_ENABLE_OBJC_ARC = YES;
				CLANG_ENABLE_OBJC_WEAK = YES;
				CLANG_WARN_BLOCK_CAPTURE_AUTORELEASING = YES;
				CLANG_WARN_BOOL_CONVERSION = YES;
				CLANG_WARN_COMMA = YES;
				CLANG_WARN_CONSTANT_CONVERSION = YES;
				CLANG_WARN_DEPRECATED_OBJC_IMPLEMENTATIONS = YES;
				CLANG_WARN_DIRECT_OBJC_ISA_USAGE = YES_ERROR;
				CLANG_WARN_DOCUMENTATION_COMMENTS = YES;
				CLANG_WARN_EMPTY_BODY = YES;
				CLANG_WARN_ENUM_CONVERSION = YES;
				CLANG_WARN_INFINITE_RECURSION = YES;
				CLANG_WARN_INT_CONVERSION = YES;
				CLANG_WARN_NON_LITERAL_NULL_CONVERSION = YES;
				CLANG_WARN_OBJC_IMPLICIT_RETAIN_SELF = YES;
				CLANG_WARN_OBJC_LITERAL_CONVERSION = YES;
				CLANG_WARN_OBJC_ROOT_CLASS = YES_ERROR;
				CLANG_WARN_QUOTED_INCLUDE_IN_FRAMEWORK_HEADER = YES;
				CLANG_WARN_RANGE_LOOP_ANALYSIS = YES;
				CLANG_WARN_STRICT_PROTOTYPES = YES;
				CLANG_WARN_SUSPICIOUS_MOVE = YES;
				CLANG_WARN_UNGUARDED_AVAILABILITY = YES_AGGRESSIVE;
				CLANG_WARN_UNREACHABLE_CODE = YES;
				CLANG_WARN__DUPLICATE_METHOD_MATCH = YES;
				COPY_PHASE_STRIP = NO;
				DEBUG_INFORMATION_FORMAT = "dwarf-with-dsym";
				ENABLE_NS_ASSERTIONS = NO;
				ENABLE_STRICT_OBJC_MSGSEND = YES;
				GCC_C_LANGUAGE_STANDARD = gnu11;
				GCC_NO_COMMON_BLOCKS = YES;
				GCC_WARN_64_TO_32_BIT_CONVERSION = YES;
				GCC_WARN_ABOUT_RETURN_TYPE = YES_ERROR;
				GCC_WARN_UNDECLARED_SELECTOR = YES;
				GCC_WARN_UNINITIALIZED_AUTOS = YES_AGGRESSIVE;
				GCC_WARN_UNUSED_FUNCTION = YES;
				GCC_WARN_UNUSED_VARIABLE = YES;
				IPHONEOS_DEPLOYMENT_TARGET = 16.0;
				MTL_ENABLE_DEBUG_INFO = NO;
				MTL_FAST_MATH = YES;
				SDKROOT = iphoneos;
				SWIFT_COMPILATION_MODE = wholemodule;
				SWIFT_OPTIMIZATION_LEVEL = "-O";
				VALIDATE_PRODUCT = YES;
			};
			name = Release;
		};
		4218CA4128EB8C38001A535E /* Debug */ = {
			isa = XCBuildConfiguration;
			baseConfigurationReference = F08FA9FD7A2568E5BCAA6759 /* Pods-SprayPost.debug.xcconfig */;
			buildSettings = {
				ASSETCATALOG_COMPILER_APPICON_NAME = AppIcon;
				ASSETCATALOG_COMPILER_GLOBAL_ACCENT_COLOR_NAME = AccentColor;
				CODE_SIGN_STYLE = Automatic;
				CURRENT_PROJECT_VERSION = 1;
				DEVELOPMENT_TEAM = H7356459RM;
				GENERATE_INFOPLIST_FILE = YES;
				INFOPLIST_FILE = SprayPost/Info.plist;
				INFOPLIST_KEY_CFBundleDisplayName = Spraypost;
				INFOPLIST_KEY_LSApplicationCategoryType = "public.app-category.social-networking";
				INFOPLIST_KEY_UIApplicationSupportsIndirectInputEvents = YES;
				INFOPLIST_KEY_UILaunchStoryboardName = LaunchScreen.storyboard;
				INFOPLIST_KEY_UIMainStoryboardFile = Main;
				INFOPLIST_KEY_UIStatusBarStyle = "";
				INFOPLIST_KEY_UISupportedInterfaceOrientations = UIInterfaceOrientationPortrait;
				INFOPLIST_KEY_UISupportedInterfaceOrientations_iPad = "UIInterfaceOrientationLandscapeLeft UIInterfaceOrientationLandscapeRight UIInterfaceOrientationPortrait UIInterfaceOrientationPortraitUpsideDown";
				LD_RUNPATH_SEARCH_PATHS = (
					"$(inherited)",
					"@executable_path/Frameworks",
				);
				MARKETING_VERSION = 1.0;
				PRODUCT_BUNDLE_IDENTIFIER = com.spraypost.SprayPost;
				PRODUCT_NAME = "$(TARGET_NAME)";
				SUPPORTED_PLATFORMS = "iphoneos iphonesimulator";
				SUPPORTS_MACCATALYST = NO;
				SUPPORTS_MAC_DESIGNED_FOR_IPHONE_IPAD = NO;
				SWIFT_EMIT_LOC_STRINGS = YES;
				SWIFT_VERSION = 5.0;
				TARGETED_DEVICE_FAMILY = 1;
			};
			name = Debug;
		};
		4218CA4228EB8C38001A535E /* Release */ = {
			isa = XCBuildConfiguration;
			baseConfigurationReference = 5EBF0E65279556E266F8EE75 /* Pods-SprayPost.release.xcconfig */;
			buildSettings = {
				ASSETCATALOG_COMPILER_APPICON_NAME = AppIcon;
				ASSETCATALOG_COMPILER_GLOBAL_ACCENT_COLOR_NAME = AccentColor;
				CODE_SIGN_STYLE = Automatic;
				CURRENT_PROJECT_VERSION = 1;
				DEVELOPMENT_TEAM = H7356459RM;
				GENERATE_INFOPLIST_FILE = YES;
				INFOPLIST_FILE = SprayPost/Info.plist;
				INFOPLIST_KEY_CFBundleDisplayName = Spraypost;
				INFOPLIST_KEY_LSApplicationCategoryType = "public.app-category.social-networking";
				INFOPLIST_KEY_UIApplicationSupportsIndirectInputEvents = YES;
				INFOPLIST_KEY_UILaunchStoryboardName = LaunchScreen.storyboard;
				INFOPLIST_KEY_UIMainStoryboardFile = Main;
				INFOPLIST_KEY_UIStatusBarStyle = "";
				INFOPLIST_KEY_UISupportedInterfaceOrientations = UIInterfaceOrientationPortrait;
				INFOPLIST_KEY_UISupportedInterfaceOrientations_iPad = "UIInterfaceOrientationLandscapeLeft UIInterfaceOrientationLandscapeRight UIInterfaceOrientationPortrait UIInterfaceOrientationPortraitUpsideDown";
				LD_RUNPATH_SEARCH_PATHS = (
					"$(inherited)",
					"@executable_path/Frameworks",
				);
				MARKETING_VERSION = 1.0;
				PRODUCT_BUNDLE_IDENTIFIER = com.spraypost.SprayPost;
				PRODUCT_NAME = "$(TARGET_NAME)";
				SUPPORTED_PLATFORMS = "iphoneos iphonesimulator";
				SUPPORTS_MACCATALYST = NO;
				SUPPORTS_MAC_DESIGNED_FOR_IPHONE_IPAD = NO;
				SWIFT_EMIT_LOC_STRINGS = YES;
				SWIFT_VERSION = 5.0;
				TARGETED_DEVICE_FAMILY = 1;
			};
			name = Release;
		};
/* End XCBuildConfiguration section */

/* Begin XCConfigurationList section */
		4218CA2728EB8C37001A535E /* Build configuration list for PBXProject "SprayPost" */ = {
			isa = XCConfigurationList;
			buildConfigurations = (
				4218CA3E28EB8C38001A535E /* Debug */,
				4218CA3F28EB8C38001A535E /* Release */,
			);
			defaultConfigurationIsVisible = 0;
			defaultConfigurationName = Release;
		};
		4218CA4028EB8C38001A535E /* Build configuration list for PBXNativeTarget "SprayPost" */ = {
			isa = XCConfigurationList;
			buildConfigurations = (
				4218CA4128EB8C38001A535E /* Debug */,
				4218CA4228EB8C38001A535E /* Release */,
			);
			defaultConfigurationIsVisible = 0;
			defaultConfigurationName = Release;
		};
/* End XCConfigurationList section */
	};
	rootObject = 4218CA2428EB8C37001A535E /* Project object */;
}
